// !$*UTF8*$!
{
	archiveVersion = 1;
	classes = {
	};
	objectVersion = 56;
	objects = {

/* Begin PBXBuildFile section */
		EF078F752C8C894700C79D06 /* Localizable.xcstrings in Resources */ = {isa = PBXBuildFile; fileRef = EF078F742C8C894700C79D06 /* Localizable.xcstrings */; };
		EF078F772C8C8BF100C79D06 /* DoingRow.swift in Sources */ = {isa = PBXBuildFile; fileRef = EF078F762C8C8BF100C79D06 /* DoingRow.swift */; };
		EF078F792C8C8F1E00C79D06 /* SeparatedGuage.swift in Sources */ = {isa = PBXBuildFile; fileRef = EF078F782C8C8F1E00C79D06 /* SeparatedGuage.swift */; };
		EF6DE1202C849EB7002C38A0 /* SampleData.swift in Sources */ = {isa = PBXBuildFile; fileRef = EF6DE11F2C849EB7002C38A0 /* SampleData.swift */; };
		EF838F282C71D5FC0091999F /* ToDoDetail.swift in Sources */ = {isa = PBXBuildFile; fileRef = EF838F272C71D5FC0091999F /* ToDoDetail.swift */; };
		EF838F2C2C71F6D00091999F /* Step.swift in Sources */ = {isa = PBXBuildFile; fileRef = EF838F2B2C71F6D00091999F /* Step.swift */; };
		EFB60B412C71729400C392B6 /* ToDoApp.swift in Sources */ = {isa = PBXBuildFile; fileRef = EFB60B402C71729400C392B6 /* ToDoApp.swift */; };
		EFB60B472C71729500C392B6 /* Assets.xcassets in Resources */ = {isa = PBXBuildFile; fileRef = EFB60B462C71729500C392B6 /* Assets.xcassets */; };
		EFB60B4A2C71729500C392B6 /* Preview Assets.xcassets in Resources */ = {isa = PBXBuildFile; fileRef = EFB60B492C71729500C392B6 /* Preview Assets.xcassets */; };
		EFB60B522C7172BD00C392B6 /* Tab.swift in Sources */ = {isa = PBXBuildFile; fileRef = EFB60B512C7172BD00C392B6 /* Tab.swift */; };
		EFB60B552C7173A100C392B6 /* ToDo.swift in Sources */ = {isa = PBXBuildFile; fileRef = EFB60B542C7173A100C392B6 /* ToDo.swift */; };
		EFB60B592C71755200C392B6 /* ToDoList.swift in Sources */ = {isa = PBXBuildFile; fileRef = EFB60B582C71755200C392B6 /* ToDoList.swift */; };
		EFB60B622C717EC500C392B6 /* DoneList.swift in Sources */ = {isa = PBXBuildFile; fileRef = EFB60B612C717EC500C392B6 /* DoneList.swift */; };
		EFB60B642C717ED900C392B6 /* DoingList.swift in Sources */ = {isa = PBXBuildFile; fileRef = EFB60B632C717ED900C392B6 /* DoingList.swift */; };
		EFB60B662C7188F500C392B6 /* ToDoSheet.swift in Sources */ = {isa = PBXBuildFile; fileRef = EFB60B652C7188F500C392B6 /* ToDoSheet.swift */; };
		EFB60B682C718D2B00C392B6 /* StepEditor.swift in Sources */ = {isa = PBXBuildFile; fileRef = EFB60B672C718D2B00C392B6 /* StepEditor.swift */; };
/* End PBXBuildFile section */

/* Begin PBXFileReference section */
		EF078F742C8C894700C79D06 /* Localizable.xcstrings */ = {isa = PBXFileReference; lastKnownFileType = text.json.xcstrings; path = Localizable.xcstrings; sourceTree = "<group>"; };
		EF078F762C8C8BF100C79D06 /* DoingRow.swift */ = {isa = PBXFileReference; lastKnownFileType = sourcecode.swift; path = DoingRow.swift; sourceTree = "<group>"; };
		EF078F782C8C8F1E00C79D06 /* SeparatedGuage.swift */ = {isa = PBXFileReference; lastKnownFileType = sourcecode.swift; path = SeparatedGuage.swift; sourceTree = "<group>"; };
		EF6DE11F2C849EB7002C38A0 /* SampleData.swift */ = {isa = PBXFileReference; lastKnownFileType = sourcecode.swift; path = SampleData.swift; sourceTree = "<group>"; };
		EF838F272C71D5FC0091999F /* ToDoDetail.swift */ = {isa = PBXFileReference; lastKnownFileType = sourcecode.swift; path = ToDoDetail.swift; sourceTree = "<group>"; };
		EF838F2B2C71F6D00091999F /* Step.swift */ = {isa = PBXFileReference; lastKnownFileType = sourcecode.swift; path = Step.swift; sourceTree = "<group>"; };
		EFB60B3D2C71729400C392B6 /* ToDo.app */ = {isa = PBXFileReference; explicitFileType = wrapper.application; includeInIndex = 0; path = ToDo.app; sourceTree = BUILT_PRODUCTS_DIR; };
		EFB60B402C71729400C392B6 /* ToDoApp.swift */ = {isa = PBXFileReference; lastKnownFileType = sourcecode.swift; path = ToDoApp.swift; sourceTree = "<group>"; };
		EFB60B462C71729500C392B6 /* Assets.xcassets */ = {isa = PBXFileReference; lastKnownFileType = folder.assetcatalog; path = Assets.xcassets; sourceTree = "<group>"; };
		EFB60B492C71729500C392B6 /* Preview Assets.xcassets */ = {isa = PBXFileReference; lastKnownFileType = folder.assetcatalog; path = "Preview Assets.xcassets"; sourceTree = "<group>"; };
		EFB60B512C7172BD00C392B6 /* Tab.swift */ = {isa = PBXFileReference; lastKnownFileType = sourcecode.swift; path = Tab.swift; sourceTree = "<group>"; };
		EFB60B542C7173A100C392B6 /* ToDo.swift */ = {isa = PBXFileReference; lastKnownFileType = sourcecode.swift; path = ToDo.swift; sourceTree = "<group>"; };
		EFB60B582C71755200C392B6 /* ToDoList.swift */ = {isa = PBXFileReference; lastKnownFileType = sourcecode.swift; path = ToDoList.swift; sourceTree = "<group>"; };
		EFB60B612C717EC500C392B6 /* DoneList.swift */ = {isa = PBXFileReference; lastKnownFileType = sourcecode.swift; path = DoneList.swift; sourceTree = "<group>"; };
		EFB60B632C717ED900C392B6 /* DoingList.swift */ = {isa = PBXFileReference; lastKnownFileType = sourcecode.swift; path = DoingList.swift; sourceTree = "<group>"; };
		EFB60B652C7188F500C392B6 /* ToDoSheet.swift */ = {isa = PBXFileReference; lastKnownFileType = sourcecode.swift; path = ToDoSheet.swift; sourceTree = "<group>"; };
		EFB60B672C718D2B00C392B6 /* StepEditor.swift */ = {isa = PBXFileReference; lastKnownFileType = sourcecode.swift; path = StepEditor.swift; sourceTree = "<group>"; };
/* End PBXFileReference section */

/* Begin PBXFrameworksBuildPhase section */
		EFB60B3A2C71729400C392B6 /* Frameworks */ = {
			isa = PBXFrameworksBuildPhase;
			buildActionMask = 2147483647;
			files = (
			);
			runOnlyForDeploymentPostprocessing = 0;
		};
/* End PBXFrameworksBuildPhase section */

/* Begin PBXGroup section */
		EFB60B342C71729400C392B6 = {
			isa = PBXGroup;
			children = (
				EF078F742C8C894700C79D06 /* Localizable.xcstrings */,
				EFB60B3F2C71729400C392B6 /* ToDo */,
				EFB60B3E2C71729400C392B6 /* Products */,
			);
			sourceTree = "<group>";
		};
		EFB60B3E2C71729400C392B6 /* Products */ = {
			isa = PBXGroup;
			children = (
				EFB60B3D2C71729400C392B6 /* ToDo.app */,
			);
			name = Products;
			sourceTree = "<group>";
		};
		EFB60B3F2C71729400C392B6 /* ToDo */ = {
			isa = PBXGroup;
			children = (
				EFB60B562C71750000C392B6 /* View */,
				EFB60B532C71738600C392B6 /* Model */,
				EFB60B502C7172A400C392B6 /* Enum */,
				EFB60B402C71729400C392B6 /* ToDoApp.swift */,
				EFB60B462C71729500C392B6 /* Assets.xcassets */,
				EFB60B482C71729500C392B6 /* Preview Content */,
			);
			path = ToDo;
			sourceTree = "<group>";
		};
		EFB60B482C71729500C392B6 /* Preview Content */ = {
			isa = PBXGroup;
			children = (
				EFB60B492C71729500C392B6 /* Preview Assets.xcassets */,
			);
			path = "Preview Content";
			sourceTree = "<group>";
		};
		EFB60B502C7172A400C392B6 /* Enum */ = {
			isa = PBXGroup;
			children = (
				EFB60B512C7172BD00C392B6 /* Tab.swift */,
			);
			path = Enum;
			sourceTree = "<group>";
		};
		EFB60B532C71738600C392B6 /* Model */ = {
			isa = PBXGroup;
			children = (
				EFB60B542C7173A100C392B6 /* ToDo.swift */,
				EF838F2B2C71F6D00091999F /* Step.swift */,
				EF6DE11F2C849EB7002C38A0 /* SampleData.swift */,
			);
			path = Model;
			sourceTree = "<group>";
		};
		EFB60B562C71750000C392B6 /* View */ = {
			isa = PBXGroup;
			children = (
				EFB60B672C718D2B00C392B6 /* StepEditor.swift */,
				EF838F272C71D5FC0091999F /* ToDoDetail.swift */,
				EFB60B652C7188F500C392B6 /* ToDoSheet.swift */,
				EFB60B572C71750B00C392B6 /* ToDo */,
				EFB60B5F2C717EA300C392B6 /* Doing */,
				EFB60B602C717EB100C392B6 /* Done */,
			);
			path = View;
			sourceTree = "<group>";
		};
		EFB60B572C71750B00C392B6 /* ToDo */ = {
			isa = PBXGroup;
			children = (
				EFB60B582C71755200C392B6 /* ToDoList.swift */,
			);
			path = ToDo;
			sourceTree = "<group>";
		};
		EFB60B5F2C717EA300C392B6 /* Doing */ = {
			isa = PBXGroup;
			children = (
				EFB60B632C717ED900C392B6 /* DoingList.swift */,
				EF078F762C8C8BF100C79D06 /* DoingRow.swift */,
				EF078F782C8C8F1E00C79D06 /* SeparatedGuage.swift */,
			);
			path = Doing;
			sourceTree = "<group>";
		};
		EFB60B602C717EB100C392B6 /* Done */ = {
			isa = PBXGroup;
			children = (
				EFB60B612C717EC500C392B6 /* DoneList.swift */,
			);
			path = Done;
			sourceTree = "<group>";
		};
/* End PBXGroup section */

/* Begin PBXNativeTarget section */
		EFB60B3C2C71729400C392B6 /* ToDo */ = {
			isa = PBXNativeTarget;
			buildConfigurationList = EFB60B4D2C71729500C392B6 /* Build configuration list for PBXNativeTarget "ToDo" */;
			buildPhases = (
				EFB60B392C71729400C392B6 /* Sources */,
				EFB60B3A2C71729400C392B6 /* Frameworks */,
				EFB60B3B2C71729400C392B6 /* Resources */,
			);
			buildRules = (
			);
			dependencies = (
			);
			name = ToDo;
			productName = ToDo;
			productReference = EFB60B3D2C71729400C392B6 /* ToDo.app */;
			productType = "com.apple.product-type.application";
		};
/* End PBXNativeTarget section */

/* Begin PBXProject section */
		EFB60B352C71729400C392B6 /* Project object */ = {
			isa = PBXProject;
			attributes = {
				BuildIndependentTargetsInParallel = 1;
				LastSwiftUpdateCheck = 1530;
				LastUpgradeCheck = 1530;
				TargetAttributes = {
					EFB60B3C2C71729400C392B6 = {
						CreatedOnToolsVersion = 15.3;
					};
				};
			};
			buildConfigurationList = EFB60B382C71729400C392B6 /* Build configuration list for PBXProject "ToDo" */;
			compatibilityVersion = "Xcode 14.0";
			developmentRegion = en;
			hasScannedForEncodings = 0;
			knownRegions = (
				en,
				Base,
				ko,
			);
			mainGroup = EFB60B342C71729400C392B6;
			productRefGroup = EFB60B3E2C71729400C392B6 /* Products */;
			projectDirPath = "";
			projectRoot = "";
			targets = (
				EFB60B3C2C71729400C392B6 /* ToDo */,
			);
		};
/* End PBXProject section */

/* Begin PBXResourcesBuildPhase section */
		EFB60B3B2C71729400C392B6 /* Resources */ = {
			isa = PBXResourcesBuildPhase;
			buildActionMask = 2147483647;
			files = (
				EFB60B4A2C71729500C392B6 /* Preview Assets.xcassets in Resources */,
				EFB60B472C71729500C392B6 /* Assets.xcassets in Resources */,
				EF078F752C8C894700C79D06 /* Localizable.xcstrings in Resources */,
			);
			runOnlyForDeploymentPostprocessing = 0;
		};
/* End PBXResourcesBuildPhase section */

/* Begin PBXSourcesBuildPhase section */
		EFB60B392C71729400C392B6 /* Sources */ = {
			isa = PBXSourcesBuildPhase;
			buildActionMask = 2147483647;
			files = (
				EF078F792C8C8F1E00C79D06 /* SeparatedGuage.swift in Sources */,
				EF838F2C2C71F6D00091999F /* Step.swift in Sources */,
				EFB60B642C717ED900C392B6 /* DoingList.swift in Sources */,
				EFB60B682C718D2B00C392B6 /* StepEditor.swift in Sources */,
				EFB60B552C7173A100C392B6 /* ToDo.swift in Sources */,
				EFB60B622C717EC500C392B6 /* DoneList.swift in Sources */,
				EFB60B592C71755200C392B6 /* ToDoList.swift in Sources */,
				EF078F772C8C8BF100C79D06 /* DoingRow.swift in Sources */,
				EFB60B522C7172BD00C392B6 /* Tab.swift in Sources */,
				EFB60B412C71729400C392B6 /* ToDoApp.swift in Sources */,
				EF6DE1202C849EB7002C38A0 /* SampleData.swift in Sources */,
				EF838F282C71D5FC0091999F /* ToDoDetail.swift in Sources */,
				EFB60B662C7188F500C392B6 /* ToDoSheet.swift in Sources */,
			);
			runOnlyForDeploymentPostprocessing = 0;
		};
/* End PBXSourcesBuildPhase section */

/* Begin XCBuildConfiguration section */
		EFB60B4B2C71729500C392B6 /* Debug */ = {
			isa = XCBuildConfiguration;
			buildSettings = {
				ALWAYS_SEARCH_USER_PATHS = NO;
				ASSETCATALOG_COMPILER_GENERATE_SWIFT_ASSET_SYMBOL_EXTENSIONS = YES;
				CLANG_ANALYZER_NONNULL = YES;
				CLANG_ANALYZER_NUMBER_OBJECT_CONVERSION = YES_AGGRESSIVE;
				CLANG_CXX_LANGUAGE_STANDARD = "gnu++20";
				CLANG_ENABLE_MODULES = YES;
				CLANG_ENABLE_OBJC_ARC = YES;
				CLANG_ENABLE_OBJC_WEAK = YES;
				CLANG_WARN_BLOCK_CAPTURE_AUTORELEASING = YES;
				CLANG_WARN_BOOL_CONVERSION = YES;
				CLANG_WARN_COMMA = YES;
				CLANG_WARN_CONSTANT_CONVERSION = YES;
				CLANG_WARN_DEPRECATED_OBJC_IMPLEMENTATIONS = YES;
				CLANG_WARN_DIRECT_OBJC_ISA_USAGE = YES_ERROR;
				CLANG_WARN_DOCUMENTATION_COMMENTS = YES;
				CLANG_WARN_EMPTY_BODY = YES;
				CLANG_WARN_ENUM_CONVERSION = YES;
				CLANG_WARN_INFINITE_RECURSION = YES;
				CLANG_WARN_INT_CONVERSION = YES;
				CLANG_WARN_NON_LITERAL_NULL_CONVERSION = YES;
				CLANG_WARN_OBJC_IMPLICIT_RETAIN_SELF = YES;
				CLANG_WARN_OBJC_LITERAL_CONVERSION = YES;
				CLANG_WARN_OBJC_ROOT_CLASS = YES_ERROR;
				CLANG_WARN_QUOTED_INCLUDE_IN_FRAMEWORK_HEADER = YES;
				CLANG_WARN_RANGE_LOOP_ANALYSIS = YES;
				CLANG_WARN_STRICT_PROTOTYPES = YES;
				CLANG_WARN_SUSPICIOUS_MOVE = YES;
				CLANG_WARN_UNGUARDED_AVAILABILITY = YES_AGGRESSIVE;
				CLANG_WARN_UNREACHABLE_CODE = YES;
				CLANG_WARN__DUPLICATE_METHOD_MATCH = YES;
				COPY_PHASE_STRIP = NO;
				DEBUG_INFORMATION_FORMAT = dwarf;
				ENABLE_STRICT_OBJC_MSGSEND = YES;
				ENABLE_TESTABILITY = YES;
				ENABLE_USER_SCRIPT_SANDBOXING = YES;
				GCC_C_LANGUAGE_STANDARD = gnu17;
				GCC_DYNAMIC_NO_PIC = NO;
				GCC_NO_COMMON_BLOCKS = YES;
				GCC_OPTIMIZATION_LEVEL = 0;
				GCC_PREPROCESSOR_DEFINITIONS = (
					"DEBUG=1",
					"$(inherited)",
				);
				GCC_WARN_64_TO_32_BIT_CONVERSION = YES;
				GCC_WARN_ABOUT_RETURN_TYPE = YES_ERROR;
				GCC_WARN_UNDECLARED_SELECTOR = YES;
				GCC_WARN_UNINITIALIZED_AUTOS = YES_AGGRESSIVE;
				GCC_WARN_UNUSED_FUNCTION = YES;
				GCC_WARN_UNUSED_VARIABLE = YES;
				IPHONEOS_DEPLOYMENT_TARGET = 17.4;
				LOCALIZATION_PREFERS_STRING_CATALOGS = YES;
				MTL_ENABLE_DEBUG_INFO = INCLUDE_SOURCE;
				MTL_FAST_MATH = YES;
				ONLY_ACTIVE_ARCH = YES;
				SDKROOT = iphoneos;
				SWIFT_ACTIVE_COMPILATION_CONDITIONS = "DEBUG $(inherited)";
				SWIFT_OPTIMIZATION_LEVEL = "-Onone";
			};
			name = Debug;
		};
		EFB60B4C2C71729500C392B6 /* Release */ = {
			isa = XCBuildConfiguration;
			buildSettings = {
				ALWAYS_SEARCH_USER_PATHS = NO;
				ASSETCATALOG_COMPILER_GENERATE_SWIFT_ASSET_SYMBOL_EXTENSIONS = YES;
				CLANG_ANALYZER_NONNULL = YES;
				CLANG_ANALYZER_NUMBER_OBJECT_CONVERSION = YES_AGGRESSIVE;
				CLANG_CXX_LANGUAGE_STANDARD = "gnu++20";
				CLANG_ENABLE_MODULES = YES;
				CLANG_ENABLE_OBJC_ARC = YES;
				CLANG_ENABLE_OBJC_WEAK = YES;
				CLANG_WARN_BLOCK_CAPTURE_AUTORELEASING = YES;
				CLANG_WARN_BOOL_CONVERSION = YES;
				CLANG_WARN_COMMA = YES;
				CLANG_WARN_CONSTANT_CONVERSION = YES;
				CLANG_WARN_DEPRECATED_OBJC_IMPLEMENTATIONS = YES;
				CLANG_WARN_DIRECT_OBJC_ISA_USAGE = YES_ERROR;
				CLANG_WARN_DOCUMENTATION_COMMENTS = YES;
				CLANG_WARN_EMPTY_BODY = YES;
				CLANG_WARN_ENUM_CONVERSION = YES;
				CLANG_WARN_INFINITE_RECURSION = YES;
				CLANG_WARN_INT_CONVERSION = YES;
				CLANG_WARN_NON_LITERAL_NULL_CONVERSION = YES;
				CLANG_WARN_OBJC_IMPLICIT_RETAIN_SELF = YES;
				CLANG_WARN_OBJC_LITERAL_CONVERSION = YES;
				CLANG_WARN_OBJC_ROOT_CLASS = YES_ERROR;
				CLANG_WARN_QUOTED_INCLUDE_IN_FRAMEWORK_HEADER = YES;
				CLANG_WARN_RANGE_LOOP_ANALYSIS = YES;
				CLANG_WARN_STRICT_PROTOTYPES = YES;
				CLANG_WARN_SUSPICIOUS_MOVE = YES;
				CLANG_WARN_UNGUARDED_AVAILABILITY = YES_AGGRESSIVE;
				CLANG_WARN_UNREACHABLE_CODE = YES;
				CLANG_WARN__DUPLICATE_METHOD_MATCH = YES;
				COPY_PHASE_STRIP = NO;
				DEBUG_INFORMATION_FORMAT = "dwarf-with-dsym";
				ENABLE_NS_ASSERTIONS = NO;
				ENABLE_STRICT_OBJC_MSGSEND = YES;
				ENABLE_USER_SCRIPT_SANDBOXING = YES;
				GCC_C_LANGUAGE_STANDARD = gnu17;
				GCC_NO_COMMON_BLOCKS = YES;
				GCC_WARN_64_TO_32_BIT_CONVERSION = YES;
				GCC_WARN_ABOUT_RETURN_TYPE = YES_ERROR;
				GCC_WARN_UNDECLARED_SELECTOR = YES;
				GCC_WARN_UNINITIALIZED_AUTOS = YES_AGGRESSIVE;
				GCC_WARN_UNUSED_FUNCTION = YES;
				GCC_WARN_UNUSED_VARIABLE = YES;
				IPHONEOS_DEPLOYMENT_TARGET = 17.4;
				LOCALIZATION_PREFERS_STRING_CATALOGS = YES;
				MTL_ENABLE_DEBUG_INFO = NO;
				MTL_FAST_MATH = YES;
				SDKROOT = iphoneos;
				SWIFT_COMPILATION_MODE = wholemodule;
				VALIDATE_PRODUCT = YES;
			};
			name = Release;
		};
		EFB60B4E2C71729500C392B6 /* Debug */ = {
			isa = XCBuildConfiguration;
			buildSettings = {
				ASSETCATALOG_COMPILER_APPICON_NAME = AppIcon;
				ASSETCATALOG_COMPILER_GLOBAL_ACCENT_COLOR_NAME = AccentColor;
				CODE_SIGN_STYLE = Automatic;
				CURRENT_PROJECT_VERSION = 1;
				DEVELOPMENT_ASSET_PATHS = "\"ToDo/Preview Content\"";
				DEVELOPMENT_TEAM = G2NKCUA8N7;
				ENABLE_PREVIEWS = YES;
				GENERATE_INFOPLIST_FILE = YES;
				INFOPLIST_KEY_CFBundleDisplayName = ToDo;
				INFOPLIST_KEY_LSApplicationCategoryType = "public.app-category.lifestyle";
				INFOPLIST_KEY_UIApplicationSceneManifest_Generation = YES;
				INFOPLIST_KEY_UIApplicationSupportsIndirectInputEvents = YES;
				INFOPLIST_KEY_UILaunchScreen_Generation = YES;
				INFOPLIST_KEY_UISupportedInterfaceOrientations_iPad = "UIInterfaceOrientationPortrait UIInterfaceOrientationPortraitUpsideDown UIInterfaceOrientationLandscapeLeft UIInterfaceOrientationLandscapeRight";
				INFOPLIST_KEY_UISupportedInterfaceOrientations_iPhone = "UIInterfaceOrientationPortrait UIInterfaceOrientationLandscapeLeft UIInterfaceOrientationLandscapeRight";
				LD_RUNPATH_SEARCH_PATHS = (
					"$(inherited)",
					"@executable_path/Frameworks",
				);
				MARKETING_VERSION = 2.2;
				PRODUCT_BUNDLE_IDENTIFIER = dev.geppetto.ToDo;
				PRODUCT_NAME = "$(TARGET_NAME)";
				SWIFT_EMIT_LOC_STRINGS = YES;
				SWIFT_VERSION = 5.0;
				TARGETED_DEVICE_FAMILY = "1,2";
			};
			name = Debug;
		};
		EFB60B4F2C71729500C392B6 /* Release */ = {
			isa = XCBuildConfiguration;
			buildSettings = {
				ASSETCATALOG_COMPILER_APPICON_NAME = AppIcon;
				ASSETCATALOG_COMPILER_GLOBAL_ACCENT_COLOR_NAME = AccentColor;
				CODE_SIGN_STYLE = Automatic;
				CURRENT_PROJECT_VERSION = 1;
				DEVELOPMENT_ASSET_PATHS = "\"ToDo/Preview Content\"";
				DEVELOPMENT_TEAM = G2NKCUA8N7;
				ENABLE_PREVIEWS = YES;
				GENERATE_INFOPLIST_FILE = YES;
				INFOPLIST_KEY_CFBundleDisplayName = ToDo;
				INFOPLIST_KEY_LSApplicationCategoryType = "public.app-category.lifestyle";
				INFOPLIST_KEY_UIApplicationSceneManifest_Generation = YES;
				INFOPLIST_KEY_UIApplicationSupportsIndirectInputEvents = YES;
				INFOPLIST_KEY_UILaunchScreen_Generation = YES;
				INFOPLIST_KEY_UISupportedInterfaceOrientations_iPad = "UIInterfaceOrientationPortrait UIInterfaceOrientationPortraitUpsideDown UIInterfaceOrientationLandscapeLeft UIInterfaceOrientationLandscapeRight";
				INFOPLIST_KEY_UISupportedInterfaceOrientations_iPhone = "UIInterfaceOrientationPortrait UIInterfaceOrientationLandscapeLeft UIInterfaceOrientationLandscapeRight";
				LD_RUNPATH_SEARCH_PATHS = (
					"$(inherited)",
					"@executable_path/Frameworks",
				);
				MARKETING_VERSION = 2.2;
				PRODUCT_BUNDLE_IDENTIFIER = dev.geppetto.ToDo;
				PRODUCT_NAME = "$(TARGET_NAME)";
				SWIFT_EMIT_LOC_STRINGS = YES;
				SWIFT_VERSION = 5.0;
				TARGETED_DEVICE_FAMILY = "1,2";
			};
			name = Release;
		};
/* End XCBuildConfiguration section */

/* Begin XCConfigurationList section */
		EFB60B382C71729400C392B6 /* Build configuration list for PBXProject "ToDo" */ = {
			isa = XCConfigurationList;
			buildConfigurations = (
				EFB60B4B2C71729500C392B6 /* Debug */,
				EFB60B4C2C71729500C392B6 /* Release */,
			);
			defaultConfigurationIsVisible = 0;
			defaultConfigurationName = Release;
		};
		EFB60B4D2C71729500C392B6 /* Build configuration list for PBXNativeTarget "ToDo" */ = {
			isa = XCConfigurationList;
			buildConfigurations = (
				EFB60B4E2C71729500C392B6 /* Debug */,
				EFB60B4F2C71729500C392B6 /* Release */,
			);
			defaultConfigurationIsVisible = 0;
			defaultConfigurationName = Release;
		};
/* End XCConfigurationList section */
	};
	rootObject = EFB60B352C71729400C392B6 /* Project object */;
}
